{
  "name": "contracts",
  "version": "1.0.0",
  "lockfileVersion": 3,
  "requires": true,
  "packages": {
    "": {
      "name": "contracts",
      "version": "1.0.0",
      "license": "ISC",
      "dependencies": {
        "@nori-zk/nori-bridge-sdk": "https://github.com/Nori-zk/nori-bridge-sdk.git#FEATURES/token-bridge"
      }
    },
    "node_modules/@nori-zk/nori-bridge-sdk": {
      "version": "1.0.0",
      "resolved": "git+ssh://git@github.com/Nori-zk/nori-bridge-sdk.git#42b603a0d912c6ca4555d9865f7f2829bc0117f2",
      "workspaces": [
        "o1js-zk-programs",
        "contracts/mina/eth-processor",
        "contracts/mina/minter",
        "contracts/ethereum"
      ]
    }
  }
}
