{
  "name": "contracts",
  "version": "1.0.0",
  "lockfileVersion": 3,
  "requires": true,
  "packages": {
    "": {
      "name": "contracts",
      "version": "1.0.0",
      "license": "ISC",
      "dependencies": {
        "@nori-zk/ethereum-token-bridge": "0.0.8"
      }
    },
    "node_modules/@nori-zk/ethereum-token-bridge": {
      "version": "0.0.8",
      "resolved": "https://registry.npmjs.org/@nori-zk/ethereum-token-bridge/-/ethereum-token-bridge-0.0.8.tgz",
      "integrity": "sha512-aP6A41Ct9iygXQBGOatGb4BVrJyaPyk1tkZ1833AIsTJlxNA1SHQs1i182niJL05wKhMNn2iYwM2Hsc9JlmmMg==",
      "license": "MIT"
    }
  }
}
